
Microsoft Visual Studio Solution File, Format Version 12.00
# Visual Studio Version 17
VisualStudioVersion = 17.7.34024.191
MinimumVisualStudioVersion = 10.0.40219.1
Project("{2150E333-8FDC-42A3-9474-1A3956D46DE8}") = "Services", "Services", "{C7D5043E-1B64-4238-87C3-226BCE4F1227}"
EndProject
Project("{2150E333-8FDC-42A3-9474-1A3956D46DE8}") = "Common", "Common", "{4027EC8C-7A44-4C81-A6DE-47DE5F2EABDB}"
EndProject
Project("{2150E333-8FDC-42A3-9474-1A3956D46DE8}") = "Admin", "Admin", "{95AEDABC-85F4-4CC6-83C1-8B0D5F936AB1}"
EndProject
Project("{2150E333-8FDC-42A3-9474-1A3956D46DE8}") = "Identity", "Identity", "{B64C5C5A-8FEA-4BFE-B21E-B8564C29451E}"
EndProject
Project("{2150E333-8FDC-42A3-9474-1A3956D46DE8}") = "Reading", "Reading", "{08AB57A1-DAB9-4341-8EBC-70CED487A41D}"
EndProject
Project("{2150E333-8FDC-42A3-9474-1A3956D46DE8}") = "Writing", "Writing", "{C7FA2D4C-C614-412C-BE15-20EEC520C8EB}"
EndProject
Project("{FAE04EC0-301F-11D3-BF4B-00C04F79EFBC}") = "Identity.API", "Services\Identity\Identity.API\Identity.API.csproj", "{D7147688-61EC-4905-8464-8D37CF0B6A7A}"
EndProject
Project("{FAE04EC0-301F-11D3-BF4B-00C04F79EFBC}") = "Identity.Application", "Services\Identity\Identity.Application\Identity.Application.csproj", "{8136C2D4-EE82-458C-9E07-79016D4C9C9C}"
EndProject
Project("{FAE04EC0-301F-11D3-BF4B-00C04F79EFBC}") = "Identity.Infrastructure", "Services\Identity\Identity.Infrastructure\Identity.Infrastructure.csproj", "{4F34CCB0-700D-4A1E-BD0A-998F8C75A7E6}"
EndProject
Project("{FAE04EC0-301F-11D3-BF4B-00C04F79EFBC}") = "Identity.Domain", "Services\Identity\Identity.Domain\Identity.Domain.csproj", "{35F6B30E-7F78-4391-A9CE-2F65AB45C565}"
EndProject
Project("{FAE04EC0-301F-11D3-BF4B-00C04F79EFBC}") = "Identity.Contracts", "Services\Identity\Identity.Contracts\Identity.Contracts.csproj", "{958F5A37-05E7-4F54-A67D-573FE294430A}"
EndProject
Project("{2150E333-8FDC-42A3-9474-1A3956D46DE8}") = "DomainDrivenDesign", "DomainDrivenDesign", "{E8C2BEEB-3035-4FA1-94E4-E0D15F948968}"
EndProject
Project("{FAE04EC0-301F-11D3-BF4B-00C04F79EFBC}") = "DomainDrivenDesign", "Common\DomainDrivenDesign\DomainDrivenDesign\DomainDrivenDesign.csproj", "{548EF46B-77F9-4013-995B-FC167E923A86}"
EndProject
Global
	GlobalSection(SolutionConfigurationPlatforms) = preSolution
		Debug|Any CPU = Debug|Any CPU
		Release|Any CPU = Release|Any CPU
	EndGlobalSection
	GlobalSection(ProjectConfigurationPlatforms) = postSolution
		{D7147688-61EC-4905-8464-8D37CF0B6A7A}.Debug|Any CPU.ActiveCfg = Debug|Any CPU
		{D7147688-61EC-4905-8464-8D37CF0B6A7A}.Debug|Any CPU.Build.0 = Debug|Any CPU
		{D7147688-61EC-4905-8464-8D37CF0B6A7A}.Release|Any CPU.ActiveCfg = Release|Any CPU
		{D7147688-61EC-4905-8464-8D37CF0B6A7A}.Release|Any CPU.Build.0 = Release|Any CPU
		{8136C2D4-EE82-458C-9E07-79016D4C9C9C}.Debug|Any CPU.ActiveCfg = Debug|Any CPU
		{8136C2D4-EE82-458C-9E07-79016D4C9C9C}.Debug|Any CPU.Build.0 = Debug|Any CPU
		{8136C2D4-EE82-458C-9E07-79016D4C9C9C}.Release|Any CPU.ActiveCfg = Release|Any CPU
		{8136C2D4-EE82-458C-9E07-79016D4C9C9C}.Release|Any CPU.Build.0 = Release|Any CPU
		{4F34CCB0-700D-4A1E-BD0A-998F8C75A7E6}.Debug|Any CPU.ActiveCfg = Debug|Any CPU
		{4F34CCB0-700D-4A1E-BD0A-998F8C75A7E6}.Debug|Any CPU.Build.0 = Debug|Any CPU
		{4F34CCB0-700D-4A1E-BD0A-998F8C75A7E6}.Release|Any CPU.ActiveCfg = Release|Any CPU
		{4F34CCB0-700D-4A1E-BD0A-998F8C75A7E6}.Release|Any CPU.Build.0 = Release|Any CPU
		{35F6B30E-7F78-4391-A9CE-2F65AB45C565}.Debug|Any CPU.ActiveCfg = Debug|Any CPU
		{35F6B30E-7F78-4391-A9CE-2F65AB45C565}.Debug|Any CPU.Build.0 = Debug|Any CPU
		{35F6B30E-7F78-4391-A9CE-2F65AB45C565}.Release|Any CPU.ActiveCfg = Release|Any CPU
		{35F6B30E-7F78-4391-A9CE-2F65AB45C565}.Release|Any CPU.Build.0 = Release|Any CPU
		{958F5A37-05E7-4F54-A67D-573FE294430A}.Debug|Any CPU.ActiveCfg = Debug|Any CPU
		{958F5A37-05E7-4F54-A67D-573FE294430A}.Debug|Any CPU.Build.0 = Debug|Any CPU
		{958F5A37-05E7-4F54-A67D-573FE294430A}.Release|Any CPU.ActiveCfg = Release|Any CPU
		{958F5A37-05E7-4F54-A67D-573FE294430A}.Release|Any CPU.Build.0 = Release|Any CPU
		{548EF46B-77F9-4013-995B-FC167E923A86}.Debug|Any CPU.ActiveCfg = Debug|Any CPU
		{548EF46B-77F9-4013-995B-FC167E923A86}.Debug|Any CPU.Build.0 = Debug|Any CPU
		{548EF46B-77F9-4013-995B-FC167E923A86}.Release|Any CPU.ActiveCfg = Release|Any CPU
		{548EF46B-77F9-4013-995B-FC167E923A86}.Release|Any CPU.Build.0 = Release|Any CPU
	EndGlobalSection
	GlobalSection(SolutionProperties) = preSolution
		HideSolutionNode = FALSE
	EndGlobalSection
	GlobalSection(NestedProjects) = preSolution
		{4027EC8C-7A44-4C81-A6DE-47DE5F2EABDB} = {C7D5043E-1B64-4238-87C3-226BCE4F1227}
		{95AEDABC-85F4-4CC6-83C1-8B0D5F936AB1} = {C7D5043E-1B64-4238-87C3-226BCE4F1227}
		{B64C5C5A-8FEA-4BFE-B21E-B8564C29451E} = {C7D5043E-1B64-4238-87C3-226BCE4F1227}
		{08AB57A1-DAB9-4341-8EBC-70CED487A41D} = {C7D5043E-1B64-4238-87C3-226BCE4F1227}
		{C7FA2D4C-C614-412C-BE15-20EEC520C8EB} = {C7D5043E-1B64-4238-87C3-226BCE4F1227}
		{D7147688-61EC-4905-8464-8D37CF0B6A7A} = {B64C5C5A-8FEA-4BFE-B21E-B8564C29451E}
		{8136C2D4-EE82-458C-9E07-79016D4C9C9C} = {B64C5C5A-8FEA-4BFE-B21E-B8564C29451E}
		{4F34CCB0-700D-4A1E-BD0A-998F8C75A7E6} = {B64C5C5A-8FEA-4BFE-B21E-B8564C29451E}
		{35F6B30E-7F78-4391-A9CE-2F65AB45C565} = {B64C5C5A-8FEA-4BFE-B21E-B8564C29451E}
		{958F5A37-05E7-4F54-A67D-573FE294430A} = {B64C5C5A-8FEA-4BFE-B21E-B8564C29451E}
		{E8C2BEEB-3035-4FA1-94E4-E0D15F948968} = {4027EC8C-7A44-4C81-A6DE-47DE5F2EABDB}
		{548EF46B-77F9-4013-995B-FC167E923A86} = {E8C2BEEB-3035-4FA1-94E4-E0D15F948968}
	EndGlobalSection
	GlobalSection(ExtensibilityGlobals) = postSolution
		SolutionGuid = {779B06E6-8E8A-49DB-B03C-8487C9BB72B1}
	EndGlobalSection
EndGlobal
