
Microsoft Visual Studio Solution File, Format Version 12.00
# Visual Studio Version 17
VisualStudioVersion = 17.7.34024.191
MinimumVisualStudioVersion = 10.0.40219.1
Project("{2150E333-8FDC-42A3-9474-1A3956D46DE8}") = "Services", "Services", "{C7D5043E-1B64-4238-87C3-226BCE4F1227}"
EndProject
Project("{2150E333-8FDC-42A3-9474-1A3956D46DE8}") = "Common", "Common", "{4027EC8C-7A44-4C81-A6DE-47DE5F2EABDB}"
EndProject
Project("{2150E333-8FDC-42A3-9474-1A3956D46DE8}") = "Admin", "Admin", "{95AEDABC-85F4-4CC6-83C1-8B0D5F936AB1}"
EndProject
Project("{2150E333-8FDC-42A3-9474-1A3956D46DE8}") = "Identity", "Identity", "{B64C5C5A-8FEA-4BFE-B21E-B8564C29451E}"
EndProject
Project("{2150E333-8FDC-42A3-9474-1A3956D46DE8}") = "Reader", "Reader", "{08AB57A1-DAB9-4341-8EBC-70CED487A41D}"
EndProject
Project("{2150E333-8FDC-42A3-9474-1A3956D46DE8}") = "Writer", "Writer", "{C7FA2D4C-C614-412C-BE15-20EEC520C8EB}"
EndProject
Project("{9A19103F-16F7-4668-BE54-9A1E7A4F7556}") = "Identity.API", "Services\Identity\Identity.API\Identity.API.csproj", "{D7147688-61EC-4905-8464-8D37CF0B6A7A}"
EndProject
Project("{9A19103F-16F7-4668-BE54-9A1E7A4F7556}") = "Identity.Application", "Services\Identity\Identity.Application\Identity.Application.csproj", "{8136C2D4-EE82-458C-9E07-79016D4C9C9C}"
EndProject
Project("{9A19103F-16F7-4668-BE54-9A1E7A4F7556}") = "Identity.Infrastructure", "Services\Identity\Identity.Infrastructure\Identity.Infrastructure.csproj", "{4F34CCB0-700D-4A1E-BD0A-998F8C75A7E6}"
EndProject
Project("{9A19103F-16F7-4668-BE54-9A1E7A4F7556}") = "Identity.Domain", "Services\Identity\Identity.Domain\Identity.Domain.csproj", "{35F6B30E-7F78-4391-A9CE-2F65AB45C565}"
EndProject
Project("{9A19103F-16F7-4668-BE54-9A1E7A4F7556}") = "Identity.Contracts", "Services\Identity\Identity.Contracts\Identity.Contracts.csproj", "{958F5A37-05E7-4F54-A67D-573FE294430A}"
EndProject
Project("{2150E333-8FDC-42A3-9474-1A3956D46DE8}") = "DomainDrivenDesign", "DomainDrivenDesign", "{E8C2BEEB-3035-4FA1-94E4-E0D15F948968}"
EndProject
Project("{9A19103F-16F7-4668-BE54-9A1E7A4F7556}") = "DomainDrivenDesign", "Common\DomainDrivenDesign\DomainDrivenDesign\DomainDrivenDesign.csproj", "{548EF46B-77F9-4013-995B-FC167E923A86}"
EndProject
Project("{2150E333-8FDC-42A3-9474-1A3956D46DE8}") = "Tests", "Tests", "{0F52FC6C-B909-4988-A689-AD92E1051E9D}"
EndProject
Project("{9A19103F-16F7-4668-BE54-9A1E7A4F7556}") = "Tests.Common", "Common\Tests\Tests.Common\Tests.Common.csproj", "{B01389BC-E057-4966-881B-CFBF4D705EA9}"
EndProject
Project("{9A19103F-16F7-4668-BE54-9A1E7A4F7556}") = "Identity.FunctionalTests", "Services\Identity\Tests\Identity.FunctionalTests\Identity.FunctionalTests.csproj", "{03221FCB-5519-43F8-9264-4DE72FCD1D0C}"
EndProject
Project("{2150E333-8FDC-42A3-9474-1A3956D46DE8}") = "Tests", "Tests", "{E9845608-BEA0-4E54-B09E-0ACB6030ACE0}"
EndProject
Project("{2150E333-8FDC-42A3-9474-1A3956D46DE8}") = "Solution Items", "Solution Items", "{BA442EDD-3C4A-4F7E-BD01-350C190BD925}"
	ProjectSection(SolutionItems) = preProject
		Todo.txt = Todo.txt
	EndProjectSection
EndProject
Project("{2150E333-8FDC-42A3-9474-1A3956D46DE8}") = "Services", "Services", "{7671DB5D-0BC9-4F6F-B76D-0D91E534AF88}"
EndProject
Project("{9A19103F-16F7-4668-BE54-9A1E7A4F7556}") = "AuthService", "Common\Services\AuthService\AuthService.csproj", "{F81A34B0-4A54-4D16-8B6F-C6DA5491B1DA}"
EndProject
Project("{2150E333-8FDC-42A3-9474-1A3956D46DE8}") = "Tests", "Tests", "{68BA0C5C-2629-4A62-9F62-82FB29C7B978}"
EndProject
Project("{9A19103F-16F7-4668-BE54-9A1E7A4F7556}") = "Writer.API", "Services\Writer\Writer.API\Writer.API.csproj", "{62983E04-B65A-462B-A5AB-544E0DC2596D}"
EndProject
Project("{2150E333-8FDC-42A3-9474-1A3956D46DE8}") = "EventBus", "EventBus", "{1AAB1CCC-D94E-44BC-901F-F0FA91055551}"
EndProject
Project("{9A19103F-16F7-4668-BE54-9A1E7A4F7556}") = "EventBus", "Common\EventBus\EventBus\EventBus.csproj", "{448596EA-C6CE-41F4-9065-B65BAD6371EC}"
EndProject
Project("{9A19103F-16F7-4668-BE54-9A1E7A4F7556}") = "RabbitMQEventBus", "Common\EventBus\RabbitMQEventBus\RabbitMQEventBus.csproj", "{DA539188-2289-4632-A7BC-CBFEBEB00419}"
EndProject
Project("{9A19103F-16F7-4668-BE54-9A1E7A4F7556}") = "Writer.Contracts", "Services\Writer\Writer.Contracts\Writer.Contracts\Writer.Contracts.csproj", "{74532D2C-BB2A-446C-B02E-B9435FCD178D}"
EndProject
Project("{E53339B2-1760-4266-BCC7-CA923CBCF16C}") = "docker-compose", "docker-compose.dcproj", "{3815D85E-9C15-4D7E-B5CE-B3E12E13E174}"
EndProject
Global
	GlobalSection(SolutionConfigurationPlatforms) = preSolution
		Debug|Any CPU = Debug|Any CPU
		Release|Any CPU = Release|Any CPU
	EndGlobalSection
	GlobalSection(ProjectConfigurationPlatforms) = postSolution
		{D7147688-61EC-4905-8464-8D37CF0B6A7A}.Debug|Any CPU.ActiveCfg = Debug|Any CPU
		{D7147688-61EC-4905-8464-8D37CF0B6A7A}.Debug|Any CPU.Build.0 = Debug|Any CPU
		{D7147688-61EC-4905-8464-8D37CF0B6A7A}.Release|Any CPU.ActiveCfg = Release|Any CPU
		{D7147688-61EC-4905-8464-8D37CF0B6A7A}.Release|Any CPU.Build.0 = Release|Any CPU
		{8136C2D4-EE82-458C-9E07-79016D4C9C9C}.Debug|Any CPU.ActiveCfg = Debug|Any CPU
		{8136C2D4-EE82-458C-9E07-79016D4C9C9C}.Debug|Any CPU.Build.0 = Debug|Any CPU
		{8136C2D4-EE82-458C-9E07-79016D4C9C9C}.Release|Any CPU.ActiveCfg = Release|Any CPU
		{8136C2D4-EE82-458C-9E07-79016D4C9C9C}.Release|Any CPU.Build.0 = Release|Any CPU
		{4F34CCB0-700D-4A1E-BD0A-998F8C75A7E6}.Debug|Any CPU.ActiveCfg = Debug|Any CPU
		{4F34CCB0-700D-4A1E-BD0A-998F8C75A7E6}.Debug|Any CPU.Build.0 = Debug|Any CPU
		{4F34CCB0-700D-4A1E-BD0A-998F8C75A7E6}.Release|Any CPU.ActiveCfg = Release|Any CPU
		{4F34CCB0-700D-4A1E-BD0A-998F8C75A7E6}.Release|Any CPU.Build.0 = Release|Any CPU
		{35F6B30E-7F78-4391-A9CE-2F65AB45C565}.Debug|Any CPU.ActiveCfg = Debug|Any CPU
		{35F6B30E-7F78-4391-A9CE-2F65AB45C565}.Debug|Any CPU.Build.0 = Debug|Any CPU
		{35F6B30E-7F78-4391-A9CE-2F65AB45C565}.Release|Any CPU.ActiveCfg = Release|Any CPU
		{35F6B30E-7F78-4391-A9CE-2F65AB45C565}.Release|Any CPU.Build.0 = Release|Any CPU
		{958F5A37-05E7-4F54-A67D-573FE294430A}.Debug|Any CPU.ActiveCfg = Debug|Any CPU
		{958F5A37-05E7-4F54-A67D-573FE294430A}.Debug|Any CPU.Build.0 = Debug|Any CPU
		{958F5A37-05E7-4F54-A67D-573FE294430A}.Release|Any CPU.ActiveCfg = Release|Any CPU
		{958F5A37-05E7-4F54-A67D-573FE294430A}.Release|Any CPU.Build.0 = Release|Any CPU
		{548EF46B-77F9-4013-995B-FC167E923A86}.Debug|Any CPU.ActiveCfg = Debug|Any CPU
		{548EF46B-77F9-4013-995B-FC167E923A86}.Debug|Any CPU.Build.0 = Debug|Any CPU
		{548EF46B-77F9-4013-995B-FC167E923A86}.Release|Any CPU.ActiveCfg = Release|Any CPU
		{548EF46B-77F9-4013-995B-FC167E923A86}.Release|Any CPU.Build.0 = Release|Any CPU
		{B01389BC-E057-4966-881B-CFBF4D705EA9}.Debug|Any CPU.ActiveCfg = Debug|Any CPU
		{B01389BC-E057-4966-881B-CFBF4D705EA9}.Debug|Any CPU.Build.0 = Debug|Any CPU
		{B01389BC-E057-4966-881B-CFBF4D705EA9}.Release|Any CPU.ActiveCfg = Release|Any CPU
		{B01389BC-E057-4966-881B-CFBF4D705EA9}.Release|Any CPU.Build.0 = Release|Any CPU
		{03221FCB-5519-43F8-9264-4DE72FCD1D0C}.Debug|Any CPU.ActiveCfg = Debug|Any CPU
		{03221FCB-5519-43F8-9264-4DE72FCD1D0C}.Debug|Any CPU.Build.0 = Debug|Any CPU
		{03221FCB-5519-43F8-9264-4DE72FCD1D0C}.Release|Any CPU.ActiveCfg = Release|Any CPU
		{03221FCB-5519-43F8-9264-4DE72FCD1D0C}.Release|Any CPU.Build.0 = Release|Any CPU
		{F81A34B0-4A54-4D16-8B6F-C6DA5491B1DA}.Debug|Any CPU.ActiveCfg = Debug|Any CPU
		{F81A34B0-4A54-4D16-8B6F-C6DA5491B1DA}.Debug|Any CPU.Build.0 = Debug|Any CPU
		{F81A34B0-4A54-4D16-8B6F-C6DA5491B1DA}.Release|Any CPU.ActiveCfg = Release|Any CPU
		{F81A34B0-4A54-4D16-8B6F-C6DA5491B1DA}.Release|Any CPU.Build.0 = Release|Any CPU
		{62983E04-B65A-462B-A5AB-544E0DC2596D}.Debug|Any CPU.ActiveCfg = Debug|Any CPU
		{62983E04-B65A-462B-A5AB-544E0DC2596D}.Debug|Any CPU.Build.0 = Debug|Any CPU
		{62983E04-B65A-462B-A5AB-544E0DC2596D}.Release|Any CPU.ActiveCfg = Release|Any CPU
		{62983E04-B65A-462B-A5AB-544E0DC2596D}.Release|Any CPU.Build.0 = Release|Any CPU
		{448596EA-C6CE-41F4-9065-B65BAD6371EC}.Debug|Any CPU.ActiveCfg = Debug|Any CPU
		{448596EA-C6CE-41F4-9065-B65BAD6371EC}.Debug|Any CPU.Build.0 = Debug|Any CPU
		{448596EA-C6CE-41F4-9065-B65BAD6371EC}.Release|Any CPU.ActiveCfg = Release|Any CPU
		{448596EA-C6CE-41F4-9065-B65BAD6371EC}.Release|Any CPU.Build.0 = Release|Any CPU
		{DA539188-2289-4632-A7BC-CBFEBEB00419}.Debug|Any CPU.ActiveCfg = Debug|Any CPU
		{DA539188-2289-4632-A7BC-CBFEBEB00419}.Debug|Any CPU.Build.0 = Debug|Any CPU
		{DA539188-2289-4632-A7BC-CBFEBEB00419}.Release|Any CPU.ActiveCfg = Release|Any CPU
		{DA539188-2289-4632-A7BC-CBFEBEB00419}.Release|Any CPU.Build.0 = Release|Any CPU
		{74532D2C-BB2A-446C-B02E-B9435FCD178D}.Debug|Any CPU.ActiveCfg = Debug|Any CPU
		{74532D2C-BB2A-446C-B02E-B9435FCD178D}.Debug|Any CPU.Build.0 = Debug|Any CPU
		{74532D2C-BB2A-446C-B02E-B9435FCD178D}.Release|Any CPU.ActiveCfg = Release|Any CPU
		{74532D2C-BB2A-446C-B02E-B9435FCD178D}.Release|Any CPU.Build.0 = Release|Any CPU
		{3815D85E-9C15-4D7E-B5CE-B3E12E13E174}.Debug|Any CPU.ActiveCfg = Debug|Any CPU
		{3815D85E-9C15-4D7E-B5CE-B3E12E13E174}.Debug|Any CPU.Build.0 = Debug|Any CPU
		{3815D85E-9C15-4D7E-B5CE-B3E12E13E174}.Release|Any CPU.ActiveCfg = Release|Any CPU
		{3815D85E-9C15-4D7E-B5CE-B3E12E13E174}.Release|Any CPU.Build.0 = Release|Any CPU
	EndGlobalSection
	GlobalSection(SolutionProperties) = preSolution
		HideSolutionNode = FALSE
	EndGlobalSection
	GlobalSection(NestedProjects) = preSolution
		{4027EC8C-7A44-4C81-A6DE-47DE5F2EABDB} = {C7D5043E-1B64-4238-87C3-226BCE4F1227}
		{95AEDABC-85F4-4CC6-83C1-8B0D5F936AB1} = {C7D5043E-1B64-4238-87C3-226BCE4F1227}
		{B64C5C5A-8FEA-4BFE-B21E-B8564C29451E} = {C7D5043E-1B64-4238-87C3-226BCE4F1227}
		{08AB57A1-DAB9-4341-8EBC-70CED487A41D} = {C7D5043E-1B64-4238-87C3-226BCE4F1227}
		{C7FA2D4C-C614-412C-BE15-20EEC520C8EB} = {C7D5043E-1B64-4238-87C3-226BCE4F1227}
		{D7147688-61EC-4905-8464-8D37CF0B6A7A} = {B64C5C5A-8FEA-4BFE-B21E-B8564C29451E}
		{8136C2D4-EE82-458C-9E07-79016D4C9C9C} = {B64C5C5A-8FEA-4BFE-B21E-B8564C29451E}
		{4F34CCB0-700D-4A1E-BD0A-998F8C75A7E6} = {B64C5C5A-8FEA-4BFE-B21E-B8564C29451E}
		{35F6B30E-7F78-4391-A9CE-2F65AB45C565} = {B64C5C5A-8FEA-4BFE-B21E-B8564C29451E}
		{958F5A37-05E7-4F54-A67D-573FE294430A} = {B64C5C5A-8FEA-4BFE-B21E-B8564C29451E}
		{E8C2BEEB-3035-4FA1-94E4-E0D15F948968} = {4027EC8C-7A44-4C81-A6DE-47DE5F2EABDB}
		{548EF46B-77F9-4013-995B-FC167E923A86} = {E8C2BEEB-3035-4FA1-94E4-E0D15F948968}
		{0F52FC6C-B909-4988-A689-AD92E1051E9D} = {4027EC8C-7A44-4C81-A6DE-47DE5F2EABDB}
		{B01389BC-E057-4966-881B-CFBF4D705EA9} = {0F52FC6C-B909-4988-A689-AD92E1051E9D}
		{03221FCB-5519-43F8-9264-4DE72FCD1D0C} = {E9845608-BEA0-4E54-B09E-0ACB6030ACE0}
		{E9845608-BEA0-4E54-B09E-0ACB6030ACE0} = {B64C5C5A-8FEA-4BFE-B21E-B8564C29451E}
		{7671DB5D-0BC9-4F6F-B76D-0D91E534AF88} = {4027EC8C-7A44-4C81-A6DE-47DE5F2EABDB}
		{F81A34B0-4A54-4D16-8B6F-C6DA5491B1DA} = {7671DB5D-0BC9-4F6F-B76D-0D91E534AF88}
		{68BA0C5C-2629-4A62-9F62-82FB29C7B978} = {C7FA2D4C-C614-412C-BE15-20EEC520C8EB}
		{62983E04-B65A-462B-A5AB-544E0DC2596D} = {C7FA2D4C-C614-412C-BE15-20EEC520C8EB}
		{1AAB1CCC-D94E-44BC-901F-F0FA91055551} = {4027EC8C-7A44-4C81-A6DE-47DE5F2EABDB}
		{448596EA-C6CE-41F4-9065-B65BAD6371EC} = {1AAB1CCC-D94E-44BC-901F-F0FA91055551}
		{DA539188-2289-4632-A7BC-CBFEBEB00419} = {1AAB1CCC-D94E-44BC-901F-F0FA91055551}
		{74532D2C-BB2A-446C-B02E-B9435FCD178D} = {C7FA2D4C-C614-412C-BE15-20EEC520C8EB}
	EndGlobalSection
	GlobalSection(ExtensibilityGlobals) = postSolution
		SolutionGuid = {779B06E6-8E8A-49DB-B03C-8487C9BB72B1}
	EndGlobalSection
EndGlobal
